{
  "name": "pluginbus",
  "version": "1.0.0",
  "lockfileVersion": 2,
  "requires": true,
  "packages": {
    "": {
      "name": "pluginbus",
      "version": "1.0.0",
      "license": "ISC",
      "dependencies": {
        "pluginbus-hello-world": "file:examples/pluginbus-hello-world",
        "pluginbus-hello-world-peer": "file:examples/pluginbus-hello-world-peer"
      },
      "devDependencies": {
        "typescript": "^5.3.3"
      }
    },
    "examples/pluginbus-hello-world": {
      "version": "1.0.0",
      "license": "ISC"
    },
    "examples/pluginbus-hello-world-peer": {
      "version": "1.0.0",
      "license": "ISC"
    },
    "node_modules/pluginbus-hello-world": {
      "resolved": "examples/pluginbus-hello-world",
      "link": true
    },
    "node_modules/pluginbus-hello-world-peer": {
      "resolved": "examples/pluginbus-hello-world-peer",
      "link": true
    },
    "node_modules/typescript": {
      "version": "5.3.3",
      "resolved": "https://registry.npmjs.org/typescript/-/typescript-5.3.3.tgz",
      "integrity": "sha512-pXWcraxM0uxAS+tN0AG/BF2TyqmHO014Z070UsJ+pFvYuRSq8KH8DmWpnbXe0pEPDHXZV3FcAbJkijJ5oNEnWw==",
      "dev": true,
      "bin": {
        "tsc": "bin/tsc",
        "tsserver": "bin/tsserver"
      },
      "engines": {
        "node": ">=14.17"
      }
    }
  },
  "dependencies": {
    "pluginbus-hello-world": {
      "version": "file:examples/pluginbus-hello-world"
    },
    "pluginbus-hello-world-peer": {
      "version": "file:examples/pluginbus-hello-world-peer"
    },
    "typescript": {
      "version": "5.3.3",
      "resolved": "https://registry.npmjs.org/typescript/-/typescript-5.3.3.tgz",
      "integrity": "sha512-pXWcraxM0uxAS+tN0AG/BF2TyqmHO014Z070UsJ+pFvYuRSq8KH8DmWpnbXe0pEPDHXZV3FcAbJkijJ5oNEnWw==",
      "dev": true
    }
  }
}
